
Microsoft Visual Studio Solution File, Format Version 12.00
# Visual Studio Version 16
VisualStudioVersion = 16.0.30907.101
MinimumVisualStudioVersion = 10.0.40219.1
Project("{9A19103F-16F7-4668-BE54-9A1E7A4F7556}") = "ConvertCurrency", "ConvertCurrency\ConvertCurrency.csproj", "{EA6EC1E1-4F34-4181-BAD3-1B568B10EBE8}"
EndProject
Project("{9A19103F-16F7-4668-BE54-9A1E7A4F7556}") = "ConvertCurrency.Tests", "ConvertCurrency.Tests\ConvertCurrency.Tests.csproj", "{DA4C21A4-2798-4ADC-B645-AD7C948FA06D}"
EndProject
Global
	GlobalSection(SolutionConfigurationPlatforms) = preSolution
		Debug|Any CPU = Debug|Any CPU
		Release|Any CPU = Release|Any CPU
	EndGlobalSection
	GlobalSection(ProjectConfigurationPlatforms) = postSolution
		{EA6EC1E1-4F34-4181-BAD3-1B568B10EBE8}.Debug|Any CPU.ActiveCfg = Debug|Any CPU
		{EA6EC1E1-4F34-4181-BAD3-1B568B10EBE8}.Debug|Any CPU.Build.0 = Debug|Any CPU
		{EA6EC1E1-4F34-4181-BAD3-1B568B10EBE8}.Release|Any CPU.ActiveCfg = Release|Any CPU
		{EA6EC1E1-4F34-4181-BAD3-1B568B10EBE8}.Release|Any CPU.Build.0 = Release|Any CPU
		{DA4C21A4-2798-4ADC-B645-AD7C948FA06D}.Debug|Any CPU.ActiveCfg = Debug|Any CPU
		{DA4C21A4-2798-4ADC-B645-AD7C948FA06D}.Debug|Any CPU.Build.0 = Debug|Any CPU
		{DA4C21A4-2798-4ADC-B645-AD7C948FA06D}.Release|Any CPU.ActiveCfg = Release|Any CPU
		{DA4C21A4-2798-4ADC-B645-AD7C948FA06D}.Release|Any CPU.Build.0 = Release|Any CPU
	EndGlobalSection
	GlobalSection(SolutionProperties) = preSolution
		HideSolutionNode = FALSE
	EndGlobalSection
	GlobalSection(ExtensibilityGlobals) = postSolution
		SolutionGuid = {40B67AB4-D8F9-4D31-9207-9AE0EA6A0318}
	EndGlobalSection
EndGlobal
